
Microsoft Visual Studio Solution File, Format Version 12.00
Project("{2150E333-8FDC-42A3-9474-1A3956D46DE8}") = "Client", "Client", "{AD611021-925E-47F5-A17C-2A60D1E30EC5}"
EndProject
Project("{2150E333-8FDC-42A3-9474-1A3956D46DE8}") = "Server", "Server", "{C90B20E3-F393-4949-8590-E482A254E6DD}"
EndProject
Project("{FAE04EC0-301F-11D3-BF4B-00C04F79EFBC}") = "EncryptedChat.Client.Common", "EncryptedChat.Client.Common\EncryptedChat.Client.Common.csproj", "{269D0648-0AE7-4BB8-8667-33DA7572EB59}"
EndProject
Project("{FAE04EC0-301F-11D3-BF4B-00C04F79EFBC}") = "EncryptedChat.Client.App", "EncryptedChat.Client.App\EncryptedChat.Client.App.csproj", "{49A1A5D9-8548-46E8-BDBA-DDB1B730FA50}"
EndProject
Project("{FAE04EC0-301F-11D3-BF4B-00C04F79EFBC}") = "EncryptedChat.Server.Web", "EncryptedChat.Server.Web\EncryptedChat.Server.Web.csproj", "{F8DA51D2-4560-4E94-B7CC-20A20E504492}"
EndProject
Project("{FAE04EC0-301F-11D3-BF4B-00C04F79EFBC}") = "EncryptedChat.Models", "EncryptedChat.Models\EncryptedChat.Models.csproj", "{4F41267E-4792-4614-AA47-8C8E3F6680B7}"
EndProject
Global
	GlobalSection(SolutionConfigurationPlatforms) = preSolution
		Debug|Any CPU = Debug|Any CPU
		Release|Any CPU = Release|Any CPU
	EndGlobalSection
	GlobalSection(NestedProjects) = preSolution
		{269D0648-0AE7-4BB8-8667-33DA7572EB59} = {AD611021-925E-47F5-A17C-2A60D1E30EC5}
		{49A1A5D9-8548-46E8-BDBA-DDB1B730FA50} = {AD611021-925E-47F5-A17C-2A60D1E30EC5}
		{F8DA51D2-4560-4E94-B7CC-20A20E504492} = {C90B20E3-F393-4949-8590-E482A254E6DD}
	EndGlobalSection
	GlobalSection(ProjectConfigurationPlatforms) = postSolution
		{269D0648-0AE7-4BB8-8667-33DA7572EB59}.Debug|Any CPU.ActiveCfg = Debug|Any CPU
		{269D0648-0AE7-4BB8-8667-33DA7572EB59}.Debug|Any CPU.Build.0 = Debug|Any CPU
		{269D0648-0AE7-4BB8-8667-33DA7572EB59}.Release|Any CPU.ActiveCfg = Release|Any CPU
		{269D0648-0AE7-4BB8-8667-33DA7572EB59}.Release|Any CPU.Build.0 = Release|Any CPU
		{49A1A5D9-8548-46E8-BDBA-DDB1B730FA50}.Debug|Any CPU.ActiveCfg = Debug|Any CPU
		{49A1A5D9-8548-46E8-BDBA-DDB1B730FA50}.Debug|Any CPU.Build.0 = Debug|Any CPU
		{49A1A5D9-8548-46E8-BDBA-DDB1B730FA50}.Release|Any CPU.ActiveCfg = Release|Any CPU
		{49A1A5D9-8548-46E8-BDBA-DDB1B730FA50}.Release|Any CPU.Build.0 = Release|Any CPU
		{F8DA51D2-4560-4E94-B7CC-20A20E504492}.Debug|Any CPU.ActiveCfg = Debug|Any CPU
		{F8DA51D2-4560-4E94-B7CC-20A20E504492}.Debug|Any CPU.Build.0 = Debug|Any CPU
		{F8DA51D2-4560-4E94-B7CC-20A20E504492}.Release|Any CPU.ActiveCfg = Release|Any CPU
		{F8DA51D2-4560-4E94-B7CC-20A20E504492}.Release|Any CPU.Build.0 = Release|Any CPU
		{4F41267E-4792-4614-AA47-8C8E3F6680B7}.Debug|Any CPU.ActiveCfg = Debug|Any CPU
		{4F41267E-4792-4614-AA47-8C8E3F6680B7}.Debug|Any CPU.Build.0 = Debug|Any CPU
		{4F41267E-4792-4614-AA47-8C8E3F6680B7}.Release|Any CPU.ActiveCfg = Release|Any CPU
		{4F41267E-4792-4614-AA47-8C8E3F6680B7}.Release|Any CPU.Build.0 = Release|Any CPU
	EndGlobalSection
EndGlobal
